# THIS IS AN AUTOGENERATED FILE. DO NOT EDIT THIS FILE DIRECTLY.
# yarn lockfile v1


qr-scanner@^1.1.1:
  version "1.1.1"
  resolved "https://registry.yarnpkg.com/qr-scanner/-/qr-scanner-1.1.1.tgz#49775d3992733b5198f01a9aa65225962b0cb17d"
  integrity sha512-vZmtaIpxx4rqnrg4iX62pQJ12bcIpfTEe/hL4Pr5PwQ/fih8W+ErfAZVFnnrdipeDC6L+5BfzMIqs/s6SYi4WA==
